{
  "name": "djangoProject",
  "lockfileVersion": 3,
  "requires": true,
  "packages": {
    "": {
      "dependencies": {
        "date-fns": "^3.4.0"
      }
    },
    "node_modules/date-fns": {
      "version": "3.4.0",
      "resolved": "https://registry.npmjs.org/date-fns/-/date-fns-3.4.0.tgz",
      "integrity": "sha512-Akz4R8J9MXBsOgF1QeWeCsbv6pntT5KCPjU0Q9prBxVmWJYPLhwAIsNg3b0QAdr0ttiozYLD3L/af7Ra0jqYXw==",
      "funding": {
        "type": "github",
        "url": "https://github.com/sponsors/kossnocorp"
      }
    }
  }
}
